# This file is automatically @generated by Cargo.
# It is not intended for manual editing.
version = 4

[[package]]
name = "abrase"
version = "0.1.2"
dependencies = [
 "polka-rs",
]

[[package]]
name = "polka-rs"
version = "0.1.2"
source = "registry+https://github.com/rust-lang/crates.io-index"
checksum = "55d29a370cbc37063421349ebdc003c5bf60d20ee83543b45d5bc65daf0d5730"
