# This file is automatically @generated by Cargo.
# It is not intended for manual editing.
version = 4

[[package]]
name = "aarch32-cpu"
version = "0.3.0"
source = "registry+https://github.com/rust-lang/crates.io-index"
checksum = "61a1c6b820a21052085271d8d3ef4bd0379894b525212b45405af905a2aae415"
dependencies = [
 "arbitrary-int",
 "arm-targets",
 "bitbybit",
 "num_enum",
 "thiserror",
]

[[package]]
name = "aarch32-rt"
version = "0.3.0"
dependencies = [
 "aarch32-cpu",
 "aarch32-rt-macros",
 "arm-targets",
]

[[package]]
name = "aarch32-rt-macros"
version = "0.3.0"
source = "registry+https://github.com/rust-lang/crates.io-index"
checksum = "5d6d2ce367c2cb97bf988dc9d96f5d702fa40ba15c9369521e1508a6667d2a10"
dependencies = [
 "proc-macro2",
 "quote",
 "syn",
]

[[package]]
name = "arbitrary-int"
version = "2.0.0"
source = "registry+https://github.com/rust-lang/crates.io-index"
checksum = "c858caffa49edfc4ecc45a4bec37abd3e88041a2903816f10f990b7b41abc281"

[[package]]
name = "arm-targets"
version = "0.4.2"
source = "registry+https://github.com/rust-lang/crates.io-index"
checksum = "570304ff56d67c17f521f68d55a63dffbb067d63f675e2b4603283e2d50b9d59"

[[package]]
name = "bitbybit"
version = "2.0.0"
source = "registry+https://github.com/rust-lang/crates.io-index"
checksum = "71d2a3353d70ac1091a33cbf31fc7e77b19091538a7e306e3740712af19807ca"
dependencies = [
 "proc-macro2",
 "quote",
 "syn",
]

[[package]]
name = "num_enum"
version = "0.7.3"
source = "registry+https://github.com/rust-lang/crates.io-index"
checksum = "4e613fc340b2220f734a8595782c551f1250e969d87d3be1ae0579e8d4065179"
dependencies = [
 "num_enum_derive",
]

[[package]]
name = "num_enum_derive"
version = "0.7.3"
source = "registry+https://github.com/rust-lang/crates.io-index"
checksum = "af1844ef2428cc3e1cb900be36181049ef3d3193c63e43026cfe202983b27a56"
dependencies = [
 "proc-macro2",
 "quote",
 "syn",
]

[[package]]
name = "proc-macro2"
version = "1.0.93"
source = "registry+https://github.com/rust-lang/crates.io-index"
checksum = "60946a68e5f9d28b0dc1c21bb8a97ee7d018a8b322fa57838ba31cc878e22d99"
dependencies = [
 "unicode-ident",
]

[[package]]
name = "quote"
version = "1.0.38"
source = "registry+https://github.com/rust-lang/crates.io-index"
checksum = "0e4dccaaaf89514f546c693ddc140f729f958c247918a13380cccc6078391acc"
dependencies = [
 "proc-macro2",
]

[[package]]
name = "syn"
version = "2.0.98"
source = "registry+https://github.com/rust-lang/crates.io-index"
checksum = "36147f1a48ae0ec2b5b3bc5b537d267457555a10dc06f3dbc8cb11ba3006d3b1"
dependencies = [
 "proc-macro2",
 "quote",
 "unicode-ident",
]

[[package]]
name = "thiserror"
version = "2.0.11"
source = "registry+https://github.com/rust-lang/crates.io-index"
checksum = "d452f284b73e6d76dd36758a0c8684b1d5be31f92b89d07fd5822175732206fc"
dependencies = [
 "thiserror-impl",
]

[[package]]
name = "thiserror-impl"
version = "2.0.11"
source = "registry+https://github.com/rust-lang/crates.io-index"
checksum = "26afc1baea8a989337eeb52b6e72a039780ce45c3edfcc9c5b9d112feeb173c2"
dependencies = [
 "proc-macro2",
 "quote",
 "syn",
]

[[package]]
name = "unicode-ident"
version = "1.0.17"
source = "registry+https://github.com/rust-lang/crates.io-index"
checksum = "00e2473a93778eb0bad35909dff6a10d28e63f792f16ed15e404fca9d5eeedbe"
