# This file is automatically @generated by Cargo.
# It is not intended for manual editing.
version = 4

[[package]]
name = "abrase"
version = "0.1.0-alpha.1"
dependencies = [
 "polka-rs",
]

[[package]]
name = "polka-rs"
version = "0.1.0-alpha.1"
source = "registry+https://github.com/rust-lang/crates.io-index"
checksum = "5e9519fe4a905672391e7058557ea5d252c8a639de88ce9eb66218e164466ab7"
