# This file is automatically @generated by Cargo.
# It is not intended for manual editing.
version = 4

[[package]]
name = "ab-riscv-interpreter"
version = "0.0.2"
dependencies = [
 "ab-riscv-macros",
 "ab-riscv-primitives",
 "thiserror",
]

[[package]]
name = "ab-riscv-macros"
version = "0.0.2"
source = "registry+https://github.com/rust-lang/crates.io-index"
checksum = "25a5e325901b33dbb5c6e22d70304cb2464decf81f656c2b977d2c24f30555e8"
dependencies = [
 "ab-riscv-macros-common",
 "ab-riscv-macros-impl",
 "anyhow",
 "prettyplease",
 "quote",
 "syn",
]

[[package]]
name = "ab-riscv-macros-common"
version = "0.0.1"
source = "registry+https://github.com/rust-lang/crates.io-index"
checksum = "1fdff6422ba891566fbc1b2898807bbea50f9d1598bfb0e0c78f9fc2ddaf4108"

[[package]]
name = "ab-riscv-macros-impl"
version = "0.0.1"
source = "registry+https://github.com/rust-lang/crates.io-index"
checksum = "28b58addd8bec16f141e4769da7680847bc66739bf27805ae4b318306de0ebeb"
dependencies = [
 "ab-riscv-macros-common",
 "proc-macro2",
 "quote",
 "syn",
]

[[package]]
name = "ab-riscv-primitives"
version = "0.0.2"
source = "registry+https://github.com/rust-lang/crates.io-index"
checksum = "f8dc302e4f8ffb2cf5e9dab53137ff8711a4a5fdb2bdd2865286c8db6440a8b0"
dependencies = [
 "ab-riscv-macros",
]

[[package]]
name = "anyhow"
version = "1.0.102"
source = "registry+https://github.com/rust-lang/crates.io-index"
checksum = "7f202df86484c868dbad7eaa557ef785d5c66295e41b460ef922eca0723b842c"

[[package]]
name = "prettyplease"
version = "0.2.37"
source = "registry+https://github.com/rust-lang/crates.io-index"
checksum = "479ca8adacdd7ce8f1fb39ce9ecccbfe93a3f1344b3d0d97f20bc0196208f62b"
dependencies = [
 "proc-macro2",
 "syn",
]

[[package]]
name = "proc-macro2"
version = "1.0.106"
source = "registry+https://github.com/rust-lang/crates.io-index"
checksum = "8fd00f0bb2e90d81d1044c2b32617f68fcb9fa3bb7640c23e9c748e53fb30934"
dependencies = [
 "unicode-ident",
]

[[package]]
name = "quote"
version = "1.0.45"
source = "registry+https://github.com/rust-lang/crates.io-index"
checksum = "41f2619966050689382d2b44f664f4bc593e129785a36d6ee376ddf37259b924"
dependencies = [
 "proc-macro2",
]

[[package]]
name = "syn"
version = "2.0.117"
source = "registry+https://github.com/rust-lang/crates.io-index"
checksum = "e665b8803e7b1d2a727f4023456bbbbe74da67099c585258af0ad9c5013b9b99"
dependencies = [
 "proc-macro2",
 "quote",
 "unicode-ident",
]

[[package]]
name = "thiserror"
version = "2.0.18"
source = "registry+https://github.com/rust-lang/crates.io-index"
checksum = "4288b5bcbc7920c07a1149a35cf9590a2aa808e0bc1eafaade0b80947865fbc4"
dependencies = [
 "thiserror-impl",
]

[[package]]
name = "thiserror-impl"
version = "2.0.18"
source = "registry+https://github.com/rust-lang/crates.io-index"
checksum = "ebc4ee7f67670e9b64d05fa4253e753e016c6c95ff35b89b7941d6b856dec1d5"
dependencies = [
 "proc-macro2",
 "quote",
 "syn",
]

[[package]]
name = "unicode-ident"
version = "1.0.24"
source = "registry+https://github.com/rust-lang/crates.io-index"
checksum = "e6e4313cd5fcd3dad5cafa179702e2b244f760991f45397d14d4ebf38247da75"
