# This file is automatically @generated by Cargo.
# It is not intended for manual editing.
version = 4

[[package]]
name = "ace-can"
version = "0.1.0"
source = "registry+https://github.com/rust-lang/crates.io-index"
checksum = "fbcca4f56cd4b329df8c15674777bf80f65a26f6b06785ee78d8efcd9ea71e0c"
dependencies = [
 "ace-core",
 "ace-proto",
 "heapless",
]

[[package]]
name = "ace-client"
version = "0.1.0"
source = "registry+https://github.com/rust-lang/crates.io-index"
checksum = "6f21852c1e516761b0385e9c559c020d9d7fe2e550fc5e7543574f165ef33aad"
dependencies = [
 "ace-core",
 "ace-proto",
 "ace-sim",
 "ace-uds",
 "heapless",
]

[[package]]
name = "ace-core"
version = "0.1.0"
source = "registry+https://github.com/rust-lang/crates.io-index"
checksum = "a0720fbe98b3d2be93d0be79c180a3a0c8c384052d96e5659259770f4c0c61d9"
dependencies = [
 "heapless",
]

[[package]]
name = "ace-doip"
version = "0.1.0"
source = "registry+https://github.com/rust-lang/crates.io-index"
checksum = "5a297c7fd890cb6bcbd0648e34e36dec7b49c6f6b0e2815085ad977908e978e7"
dependencies = [
 "ace-core",
 "ace-macros",
 "ace-proto",
 "ace-sim",
 "ace-uds",
 "bytes",
 "heapless",
]

[[package]]
name = "ace-gateway"
version = "0.1.0"
dependencies = [
 "ace-can",
 "ace-client",
 "ace-core",
 "ace-doip",
 "ace-macros",
 "ace-proto",
 "ace-sim",
 "heapless",
]

[[package]]
name = "ace-macros"
version = "0.1.0"
source = "registry+https://github.com/rust-lang/crates.io-index"
checksum = "17a3d2367b0ccc236956609c23ecc394605cebb3b980d6c48949d39312a5d7b5"
dependencies = [
 "darling",
 "proc-macro2",
 "quote",
 "syn",
]

[[package]]
name = "ace-proto"
version = "0.1.0"
source = "registry+https://github.com/rust-lang/crates.io-index"
checksum = "49f6ae852872962e705ea31a192cc2dc4890a8ce4ec85d0e0b90795477aef032"
dependencies = [
 "ace-core",
 "heapless",
]

[[package]]
name = "ace-sim"
version = "0.1.0"
source = "registry+https://github.com/rust-lang/crates.io-index"
checksum = "16688665eb2284c801e081742118d166d050b3bfda19a8e3adca2f5616debc7f"
dependencies = [
 "ace-core",
 "heapless",
]

[[package]]
name = "ace-uds"
version = "0.1.0"
source = "registry+https://github.com/rust-lang/crates.io-index"
checksum = "3d34bda8dfa475a4d0f62de34f7da2f21d01511796c48c4f6af7bfd94bdabce1"
dependencies = [
 "ace-core",
 "ace-macros",
 "ace-proto",
 "bytes",
 "heapless",
]

[[package]]
name = "byteorder"
version = "1.5.0"
source = "registry+https://github.com/rust-lang/crates.io-index"
checksum = "1fd0f2584146f6f2ef48085050886acf353beff7305ebd1ae69500e27c67f64b"

[[package]]
name = "bytes"
version = "1.11.1"
source = "registry+https://github.com/rust-lang/crates.io-index"
checksum = "1e748733b7cbc798e1434b6ac524f0c1ff2ab456fe201501e6497c8417a4fc33"

[[package]]
name = "darling"
version = "0.23.0"
source = "registry+https://github.com/rust-lang/crates.io-index"
checksum = "25ae13da2f202d56bd7f91c25fba009e7717a1e4a1cc98a76d844b65ae912e9d"
dependencies = [
 "darling_core",
 "darling_macro",
]

[[package]]
name = "darling_core"
version = "0.23.0"
source = "registry+https://github.com/rust-lang/crates.io-index"
checksum = "9865a50f7c335f53564bb694ef660825eb8610e0a53d3e11bf1b0d3df31e03b0"
dependencies = [
 "ident_case",
 "proc-macro2",
 "quote",
 "strsim",
 "syn",
]

[[package]]
name = "darling_macro"
version = "0.23.0"
source = "registry+https://github.com/rust-lang/crates.io-index"
checksum = "ac3984ec7bd6cfa798e62b4a642426a5be0e68f9401cfc2a01e3fa9ea2fcdb8d"
dependencies = [
 "darling_core",
 "quote",
 "syn",
]

[[package]]
name = "hash32"
version = "0.3.1"
source = "registry+https://github.com/rust-lang/crates.io-index"
checksum = "47d60b12902ba28e2730cd37e95b8c9223af2808df9e902d4df49588d1470606"
dependencies = [
 "byteorder",
]

[[package]]
name = "heapless"
version = "0.9.2"
source = "registry+https://github.com/rust-lang/crates.io-index"
checksum = "2af2455f757db2b292a9b1768c4b70186d443bcb3b316252d6b540aec1cd89ed"
dependencies = [
 "hash32",
 "stable_deref_trait",
]

[[package]]
name = "ident_case"
version = "1.0.1"
source = "registry+https://github.com/rust-lang/crates.io-index"
checksum = "b9e0384b61958566e926dc50660321d12159025e767c18e043daf26b70104c39"

[[package]]
name = "proc-macro2"
version = "1.0.106"
source = "registry+https://github.com/rust-lang/crates.io-index"
checksum = "8fd00f0bb2e90d81d1044c2b32617f68fcb9fa3bb7640c23e9c748e53fb30934"
dependencies = [
 "unicode-ident",
]

[[package]]
name = "quote"
version = "1.0.45"
source = "registry+https://github.com/rust-lang/crates.io-index"
checksum = "41f2619966050689382d2b44f664f4bc593e129785a36d6ee376ddf37259b924"
dependencies = [
 "proc-macro2",
]

[[package]]
name = "stable_deref_trait"
version = "1.2.1"
source = "registry+https://github.com/rust-lang/crates.io-index"
checksum = "6ce2be8dc25455e1f91df71bfa12ad37d7af1092ae736f3a6cd0e37bc7810596"

[[package]]
name = "strsim"
version = "0.11.1"
source = "registry+https://github.com/rust-lang/crates.io-index"
checksum = "7da8b5736845d9f2fcb837ea5d9e2628564b3b043a70948a3f0b778838c5fb4f"

[[package]]
name = "syn"
version = "2.0.117"
source = "registry+https://github.com/rust-lang/crates.io-index"
checksum = "e665b8803e7b1d2a727f4023456bbbbe74da67099c585258af0ad9c5013b9b99"
dependencies = [
 "proc-macro2",
 "quote",
 "unicode-ident",
]

[[package]]
name = "unicode-ident"
version = "1.0.24"
source = "registry+https://github.com/rust-lang/crates.io-index"
checksum = "e6e4313cd5fcd3dad5cafa179702e2b244f760991f45397d14d4ebf38247da75"
