# This file is automatically @generated by Cargo.
# It is not intended for manual editing.
version = 4

[[package]]
name = "adze-parser-backend-core"
version = "0.1.0"
source = "registry+https://github.com/rust-lang/crates.io-index"
checksum = "f8f594e9e02d518dca3aae6373c07e853566803beba17e06d62187f34f2dd899"

[[package]]
name = "adze-parser-feature-profile-core"
version = "0.1.0"
dependencies = [
 "adze-parser-backend-core",
]
