# This file is automatically @generated by Cargo.
# It is not intended for manual editing.
version = 4

[[package]]
name = "abrase"
version = "0.3.1"
dependencies = [
 "polka-rs",
]

[[package]]
name = "polka-rs"
version = "0.3.1"
source = "registry+https://github.com/rust-lang/crates.io-index"
checksum = "f8ac323dbbdceeb3534d7c861a9c1c81da3b59d23c572d7de3fdddd4f45003b0"
