# This file is automatically @generated by Cargo.
# It is not intended for manual editing.
version = 4

[[package]]
name = "abp"
version = "0.1.0"
dependencies = [
 "libc",
 "zstd-nostd",
]

[[package]]
name = "libc"
version = "0.2.178"
source = "registry+https://github.com/rust-lang/crates.io-index"
checksum = "37c93d8daa9d8a012fd8ab92f088405fb202ea0b6ab73ee2482ae66af4f42091"

[[package]]
name = "zstd-nostd"
version = "0.1.0"
source = "registry+https://github.com/rust-lang/crates.io-index"
checksum = "e4f3b2aa8a0e575b116d3b91ef6c8347c6a3b9944c97a888e08e0dbe3f19cb92"
