# This file is automatically @generated by Cargo.
# It is not intended for manual editing.
version = 4

[[package]]
name = "aarchmrs-instructions"
version = "0.2.0-2025-06"
dependencies = [
 "aarchmrs-types",
]

[[package]]
name = "aarchmrs-types"
version = "0.1.1"
source = "registry+https://github.com/rust-lang/crates.io-index"
checksum = "18687fa4a58322a5bfec950fcbc80f8c56aea99a90433a6137f50ee138ac6117"
dependencies = [
 "hex",
]

[[package]]
name = "hex"
version = "0.4.3"
source = "registry+https://github.com/rust-lang/crates.io-index"
checksum = "7f24254aa9a54b5c858eaee2f5bccdb46aaf0e486a595ed5fd8f86ba55232a70"
