# This file is automatically @generated by Cargo.
# It is not intended for manual editing.
version = 3

[[package]]
name = "abackus"
version = "0.2.4"
dependencies = [
 "earlgrey",
 "lexers",
]

[[package]]
name = "earlgrey"
version = "0.3.1"
source = "registry+https://github.com/rust-lang/crates.io-index"
checksum = "43318735f913ec2983eb90c80c57b1a8c608b1121ed16642ba90775da0b7f0ba"

[[package]]
name = "lexers"
version = "0.1.4"
source = "registry+https://github.com/rust-lang/crates.io-index"
checksum = "82de9bb5d9e8ff5e13532a45583ea972e220b8a6efef755daad1f285333a8afa"
