# This file is automatically @generated by Cargo.
# It is not intended for manual editing.
version = 4

[[package]]
name = "aarch64-cpu"
version = "11.0.0"
dependencies = [
 "tock-registers",
]

[[package]]
name = "tock-registers"
version = "0.10.0"
source = "registry+https://github.com/rust-lang/crates.io-index"
checksum = "b0293f99756f16ff352cc78c99673766a305bdb5ed7652e78df649e9967c885a"
