# This file is automatically @generated by Cargo.
# It is not intended for manual editing.
version = 3

[[package]]
name = "a10"
version = "0.1.8"
dependencies = [
 "libc",
 "log",
 "std-logger",
]

[[package]]
name = "erased-serde"
version = "0.4.4"
source = "registry+https://github.com/rust-lang/crates.io-index"
checksum = "2b73807008a3c7f171cc40312f37d95ef0396e048b5848d775f54b1a4dd4a0d3"
dependencies = [
 "serde",
]

[[package]]
name = "itoa"
version = "1.0.11"
source = "registry+https://github.com/rust-lang/crates.io-index"
checksum = "49f1f14873335454500d59611f1cf4a4b0f786f9ac11f4312a78e4cf2566695b"

[[package]]
name = "libc"
version = "0.2.153"
source = "registry+https://github.com/rust-lang/crates.io-index"
checksum = "9c198f91728a82281a64e1f4f9eeb25d82cb32a5de251c6bd1b5154d63a8e7bd"

[[package]]
name = "log"
version = "0.4.21"
source = "registry+https://github.com/rust-lang/crates.io-index"
checksum = "90ed8c1e510134f979dbc4f070f87d4313098b704861a105fe34231c70a3901c"
dependencies = [
 "value-bag",
]

[[package]]
name = "proc-macro2"
version = "1.0.79"
source = "registry+https://github.com/rust-lang/crates.io-index"
checksum = "e835ff2298f5721608eb1a980ecaee1aef2c132bf95ecc026a11b7bf3c01c02e"
dependencies = [
 "unicode-ident",
]

[[package]]
name = "quote"
version = "1.0.35"
source = "registry+https://github.com/rust-lang/crates.io-index"
checksum = "291ec9ab5efd934aaf503a6466c5d5251535d108ee747472c3977cc5acc868ef"
dependencies = [
 "proc-macro2",
]

[[package]]
name = "ryu"
version = "1.0.17"
source = "registry+https://github.com/rust-lang/crates.io-index"
checksum = "e86697c916019a8588c99b5fac3cead74ec0b4b819707a682fd4d23fa0ce1ba1"

[[package]]
name = "serde"
version = "1.0.197"
source = "registry+https://github.com/rust-lang/crates.io-index"
checksum = "3fb1c873e1b9b056a4dc4c0c198b24c3ffa059243875552b2bd0933b1aee4ce2"
dependencies = [
 "serde_derive",
]

[[package]]
name = "serde_derive"
version = "1.0.197"
source = "registry+https://github.com/rust-lang/crates.io-index"
checksum = "7eb0b34b42edc17f6b7cac84a52a1c5f0e1bb2227e997ca9011ea3dd34e8610b"
dependencies = [
 "proc-macro2",
 "quote",
 "syn",
]

[[package]]
name = "serde_fmt"
version = "1.0.3"
source = "registry+https://github.com/rust-lang/crates.io-index"
checksum = "e1d4ddca14104cd60529e8c7f7ba71a2c8acd8f7f5cfcdc2faf97eeb7c3010a4"
dependencies = [
 "serde",
]

[[package]]
name = "std-logger"
version = "0.5.3"
source = "registry+https://github.com/rust-lang/crates.io-index"
checksum = "8ff08caf99394540138b8bf45a3436debcfa241ad3b3bd4dba8fc7aabe888cbe"
dependencies = [
 "itoa",
 "log",
 "ryu",
]

[[package]]
name = "sval"
version = "2.13.0"
source = "registry+https://github.com/rust-lang/crates.io-index"
checksum = "53eb957fbc79a55306d5d25d87daf3627bc3800681491cda0709eef36c748bfe"

[[package]]
name = "sval_buffer"
version = "2.13.0"
source = "registry+https://github.com/rust-lang/crates.io-index"
checksum = "96e860aef60e9cbf37888d4953a13445abf523c534640d1f6174d310917c410d"
dependencies = [
 "sval",
 "sval_ref",
]

[[package]]
name = "sval_dynamic"
version = "2.13.0"
source = "registry+https://github.com/rust-lang/crates.io-index"
checksum = "ea3f2b07929a1127d204ed7cb3905049381708245727680e9139dac317ed556f"
dependencies = [
 "sval",
]

[[package]]
name = "sval_fmt"
version = "2.13.0"
source = "registry+https://github.com/rust-lang/crates.io-index"
checksum = "c4e188677497de274a1367c4bda15bd2296de4070d91729aac8f0a09c1abf64d"
dependencies = [
 "itoa",
 "ryu",
 "sval",
]

[[package]]
name = "sval_json"
version = "2.13.0"
source = "registry+https://github.com/rust-lang/crates.io-index"
checksum = "32f456c07dae652744781f2245d5e3b78e6a9ebad70790ac11eb15dbdbce5282"
dependencies = [
 "itoa",
 "ryu",
 "sval",
]

[[package]]
name = "sval_nested"
version = "2.13.0"
source = "registry+https://github.com/rust-lang/crates.io-index"
checksum = "886feb24709f0476baaebbf9ac10671a50163caa7e439d7a7beb7f6d81d0a6fb"
dependencies = [
 "sval",
 "sval_buffer",
 "sval_ref",
]

[[package]]
name = "sval_ref"
version = "2.13.0"
source = "registry+https://github.com/rust-lang/crates.io-index"
checksum = "be2e7fc517d778f44f8cb64140afa36010999565528d48985f55e64d45f369ce"
dependencies = [
 "sval",
]

[[package]]
name = "sval_serde"
version = "2.13.0"
source = "registry+https://github.com/rust-lang/crates.io-index"
checksum = "79bf66549a997ff35cd2114a27ac4b0c2843280f2cfa84b240d169ecaa0add46"
dependencies = [
 "serde",
 "sval",
 "sval_nested",
]

[[package]]
name = "syn"
version = "2.0.57"
source = "registry+https://github.com/rust-lang/crates.io-index"
checksum = "11a6ae1e52eb25aab8f3fb9fca13be982a373b8f1157ca14b897a825ba4a2d35"
dependencies = [
 "proc-macro2",
 "quote",
 "unicode-ident",
]

[[package]]
name = "unicode-ident"
version = "1.0.12"
source = "registry+https://github.com/rust-lang/crates.io-index"
checksum = "3354b9ac3fae1ff6755cb6db53683adb661634f67557942dea4facebec0fee4b"

[[package]]
name = "value-bag"
version = "1.8.1"
source = "registry+https://github.com/rust-lang/crates.io-index"
checksum = "74797339c3b98616c009c7c3eb53a0ce41e85c8ec66bd3db96ed132d20cfdee8"
dependencies = [
 "value-bag-serde1",
 "value-bag-sval2",
]

[[package]]
name = "value-bag-serde1"
version = "1.8.1"
source = "registry+https://github.com/rust-lang/crates.io-index"
checksum = "cc35703541cbccb5278ef7b589d79439fc808ff0b5867195a3230f9a47421d39"
dependencies = [
 "erased-serde",
 "serde",
 "serde_fmt",
]

[[package]]
name = "value-bag-sval2"
version = "1.8.1"
source = "registry+https://github.com/rust-lang/crates.io-index"
checksum = "285b43c29d0b4c0e65aad24561baee67a1b69dc9be9375d4a85138cbf556f7f8"
dependencies = [
 "sval",
 "sval_buffer",
 "sval_dynamic",
 "sval_fmt",
 "sval_json",
 "sval_ref",
 "sval_serde",
]
