# This file is automatically @generated by Cargo.
# It is not intended for manual editing.
version = 3

[[package]]
name = "adobe-cmap-parser"
version = "0.4.1"
dependencies = [
 "pom",
]

[[package]]
name = "pom"
version = "1.1.0"
source = "registry+https://github.com/rust-lang/crates.io-index"
checksum = "60f6ce597ecdcc9a098e7fddacb1065093a3d66446fa16c675e7e71d1b5c28e6"
