# This file is automatically @generated by Cargo.
# It is not intended for manual editing.
[[package]]
name = "advent-of-code"
version = "2019.12.195"
dependencies = [
 "allocation-counter",
 "paste",
]

[[package]]
name = "allocation-counter"
version = "0.5.0"
source = "registry+https://github.com/rust-lang/crates.io-index"
checksum = "26f00f4dc4b61d22a9983e553db13865f01bf620cc6e216d504e7df1524be890"

[[package]]
name = "paste"
version = "1.0.3"
source = "registry+https://github.com/rust-lang/crates.io-index"
checksum = "7151b083b0664ed58ed669fcdd92f01c3d2fdbf10af4931a301474950b52bfa9"
