# This file is automatically @generated by Cargo.
# It is not intended for manual editing.
version = 4

[[package]]
name = "adze-bdd-governance-core"
version = "0.1.0"
source = "registry+https://github.com/rust-lang/crates.io-index"
checksum = "fdbb92c7da806581b9de9a0b9a1617ac2107cc5717f50caa75b905240ca194ac"
dependencies = [
 "adze-bdd-governance-reporting-core",
 "adze-bdd-grid-core",
 "adze-feature-policy-core",
]

[[package]]
name = "adze-bdd-governance-reporting-core"
version = "0.1.0"
source = "registry+https://github.com/rust-lang/crates.io-index"
checksum = "5d2a5d7fda5412afc89c0747eb81a6ed5629aeae3ee67e11abd119e440a1469f"
dependencies = [
 "adze-bdd-grid-core",
 "adze-feature-policy-core",
 "adze-governance-status-core",
]

[[package]]
name = "adze-bdd-grid-core"
version = "0.1.0"
source = "registry+https://github.com/rust-lang/crates.io-index"
checksum = "c296d8b7258a1552ee6718d34b2b942da9d055870317bb380148416467b512c9"
dependencies = [
 "adze-bdd-scenario-core",
]

[[package]]
name = "adze-bdd-scenario-core"
version = "0.1.0"
source = "registry+https://github.com/rust-lang/crates.io-index"
checksum = "cd3ed6699e0b649bf14cebc115444761b497080e08572962b7d92fd180486ade"

[[package]]
name = "adze-feature-policy-core"
version = "0.1.0"
source = "registry+https://github.com/rust-lang/crates.io-index"
checksum = "233b4b33e2b233c237ce1fe7ff53f22307f3f7a98e9d22859c730274d2d6d7ed"
dependencies = [
 "adze-parser-backend-core",
 "adze-parser-feature-profile-core",
]

[[package]]
name = "adze-governance-matrix-contract"
version = "0.1.0"
dependencies = [
 "adze-governance-matrix-core",
]

[[package]]
name = "adze-governance-matrix-core"
version = "0.1.0"
source = "registry+https://github.com/rust-lang/crates.io-index"
checksum = "795a31db0f0eda6ad42ad99a3ebfea272a86aa95fc458c5cd60ef4dfad6c0e21"
dependencies = [
 "adze-governance-matrix-core-impl",
]

[[package]]
name = "adze-governance-matrix-core-impl"
version = "0.1.0"
source = "registry+https://github.com/rust-lang/crates.io-index"
checksum = "7c67d1f0ef435234fe8832e3beec71812042ac28cec333d30bce0d0088201b87"
dependencies = [
 "adze-bdd-governance-core",
]

[[package]]
name = "adze-governance-status-core"
version = "0.1.0"
source = "registry+https://github.com/rust-lang/crates.io-index"
checksum = "a80de92c790af17dbd4347e830ead17994abc94927d506defb04c706f971158b"
dependencies = [
 "adze-bdd-grid-core",
 "adze-feature-policy-core",
]

[[package]]
name = "adze-parser-backend-core"
version = "0.1.0"
source = "registry+https://github.com/rust-lang/crates.io-index"
checksum = "f8f594e9e02d518dca3aae6373c07e853566803beba17e06d62187f34f2dd899"

[[package]]
name = "adze-parser-feature-profile-core"
version = "0.1.0"
source = "registry+https://github.com/rust-lang/crates.io-index"
checksum = "ae4ef13a07634ba4f64df6c99d2b430a8bf003f5b050a69dcca31db6ebcc46da"
dependencies = [
 "adze-parser-backend-core",
]
