# This file is automatically @generated by Cargo.
# It is not intended for manual editing.
[[package]]
name = "abackus"
version = "0.2.2"
dependencies = [
 "earlgrey 0.3.0 (registry+https://github.com/rust-lang/crates.io-index)",
 "lexers 0.1.2 (registry+https://github.com/rust-lang/crates.io-index)",
]

[[package]]
name = "earlgrey"
version = "0.3.0"
source = "registry+https://github.com/rust-lang/crates.io-index"

[[package]]
name = "lexers"
version = "0.1.2"
source = "registry+https://github.com/rust-lang/crates.io-index"

[metadata]
"checksum earlgrey 0.3.0 (registry+https://github.com/rust-lang/crates.io-index)" = "54c9e4cdb23d437a65dd1107a3f34a54c96fb17bb9d9ae986877b1fe2b1ac696"
"checksum lexers 0.1.2 (registry+https://github.com/rust-lang/crates.io-index)" = "3b87128789f477ef6b1863ed879884602c38c9f67dd0181a5c4a3af7a377ef6b"
