# This file is automatically @generated by Cargo.
# It is not intended for manual editing.
version = 4

[[package]]
name = "a9n-types"
version = "0.2.0"
source = "registry+https://github.com/rust-lang/crates.io-index"
checksum = "8a5517a739252cdcce19123d4199d9c97facbbc9a7d44eb9190cbbbafa9ca8a3"

[[package]]
name = "a9n_abi"
version = "0.2.0"
dependencies = [
 "a9n-types",
]
