# This file is automatically @generated by Cargo.
# It is not intended for manual editing.
version = 4

[[package]]
name = "abrase"
version = "0.1.1-alpha.1"
dependencies = [
 "polka-rs",
]

[[package]]
name = "polka-rs"
version = "0.1.1-alpha.1"
source = "registry+https://github.com/rust-lang/crates.io-index"
checksum = "274f58fc6fee169960fbdf4f5dd436bafd1216d386baae099cfb3ed076fce975"
