# This file is automatically @generated by Cargo.
# It is not intended for manual editing.
version = 4

[[package]]
name = "add_ext"
version = "0.1.1"
dependencies = [
 "aok",
 "log",
 "log_init",
 "static_init",
]

[[package]]
name = "anyhow"
version = "1.0.100"
source = "registry+https://github.com/rust-lang/crates.io-index"
checksum = "a23eb6b1614318a8071c9b2521f36b424b2c83db5eb3a0fead4a6c0809af6e61"

[[package]]
name = "aok"
version = "0.1.18"
source = "registry+https://github.com/rust-lang/crates.io-index"
checksum = "2a8746a6637032084d12397dcd4b1f93d7c5e27dab4a2abe37515e5dadb7cdad"
dependencies = [
 "anyhow",
]

[[package]]
name = "bitflags"
version = "1.3.2"
source = "registry+https://github.com/rust-lang/crates.io-index"
checksum = "bef38d45163c2f1dde094a7dfd33ccf595c92905c8f8f4fdc18d06fb1037718a"

[[package]]
name = "bitflags"
version = "2.10.0"
source = "registry+https://github.com/rust-lang/crates.io-index"
checksum = "812e12b5285cc515a9c72a5c1d3b6d46a19dac5acfef5265968c166106e31dd3"

[[package]]
name = "bumpalo"
version = "3.19.1"
source = "registry+https://github.com/rust-lang/crates.io-index"
checksum = "5dd9dc738b7a8311c7ade152424974d8115f2cdad61e8dab8dac9f2362298510"

[[package]]
name = "cfg-if"
version = "1.0.4"
source = "registry+https://github.com/rust-lang/crates.io-index"
checksum = "9330f8b2ff13f34540b44e946ef35111825727b38d33286ef986142615121801"

[[package]]
name = "cfg_aliases"
version = "0.1.1"
source = "registry+https://github.com/rust-lang/crates.io-index"
checksum = "fd16c4719339c4530435d38e511904438d07cce7950afa3718a84ac36c10e89e"

[[package]]
name = "cfg_aliases"
version = "0.2.1"
source = "registry+https://github.com/rust-lang/crates.io-index"
checksum = "613afe47fcd5fac7ccf1db93babcb082c5994d996f20b8b159f2ad1658eb5724"

[[package]]
name = "coarsetime"
version = "0.1.37"
source = "registry+https://github.com/rust-lang/crates.io-index"
checksum = "e58eb270476aa4fc7843849f8a35063e8743b4dbcdf6dd0f8ea0886980c204c2"
dependencies = [
 "libc",
 "wasix",
 "wasm-bindgen",
]

[[package]]
name = "colored"
version = "3.0.0"
source = "registry+https://github.com/rust-lang/crates.io-index"
checksum = "fde0e0ec90c9dfb3b4b1a0891a7dcd0e2bffde2f7efed5fe7c9bb00e5bfb915e"
dependencies = [
 "windows-sys 0.59.0",
]

[[package]]
name = "erased-serde"
version = "0.4.9"
source = "registry+https://github.com/rust-lang/crates.io-index"
checksum = "89e8918065695684b2b0702da20382d5ae6065cf3327bc2d6436bd49a71ce9f3"
dependencies = [
 "serde",
 "serde_core",
 "typeid",
]

[[package]]
name = "itoa"
version = "1.0.17"
source = "registry+https://github.com/rust-lang/crates.io-index"
checksum = "92ecc6618181def0457392ccd0ee51198e065e016d1d527a7ac1b6dc7c1f09d2"

[[package]]
name = "jiff"
version = "0.2.18"
source = "registry+https://github.com/rust-lang/crates.io-index"
checksum = "e67e8da4c49d6d9909fe03361f9b620f58898859f5c7aded68351e85e71ecf50"
dependencies = [
 "jiff-static",
 "jiff-tzdb-platform",
 "log",
 "portable-atomic",
 "portable-atomic-util",
 "serde_core",
 "windows-sys 0.61.2",
]

[[package]]
name = "jiff-static"
version = "0.2.18"
source = "registry+https://github.com/rust-lang/crates.io-index"
checksum = "e0c84ee7f197eca9a86c6fd6cb771e55eb991632f15f2bc3ca6ec838929e6e78"
dependencies = [
 "proc-macro2",
 "quote",
 "syn 2.0.114",
]

[[package]]
name = "jiff-tzdb"
version = "0.1.5"
source = "registry+https://github.com/rust-lang/crates.io-index"
checksum = "68971ebff725b9e2ca27a601c5eb38a4c5d64422c4cbab0c535f248087eda5c2"

[[package]]
name = "jiff-tzdb-platform"
version = "0.1.3"
source = "registry+https://github.com/rust-lang/crates.io-index"
checksum = "875a5a69ac2bab1a891711cf5eccbec1ce0341ea805560dcd90b7a2e925132e8"
dependencies = [
 "jiff-tzdb",
]

[[package]]
name = "libc"
version = "0.2.180"
source = "registry+https://github.com/rust-lang/crates.io-index"
checksum = "bcc35a38544a891a5f7c865aca548a982ccb3b8650a5b06d0fd33a10283c56fc"

[[package]]
name = "lock_api"
version = "0.4.14"
source = "registry+https://github.com/rust-lang/crates.io-index"
checksum = "224399e74b87b5f3557511d98dff8b14089b3dadafcab6bb93eab67d3aace965"
dependencies = [
 "scopeguard",
]

[[package]]
name = "log"
version = "0.4.29"
source = "registry+https://github.com/rust-lang/crates.io-index"
checksum = "5e5032e24019045c762d3c0f28f5b6b8bbf38563a65908389bf7978758920897"
dependencies = [
 "sval",
 "sval_ref",
 "value-bag",
]

[[package]]
name = "log_init"
version = "0.1.34"
source = "registry+https://github.com/rust-lang/crates.io-index"
checksum = "153c9e39155c26dc8a2700429871e661d9dbc08632f0758ec3872fd18c9821b6"
dependencies = [
 "coarsetime",
 "colored",
 "jiff",
 "log",
 "logforth",
 "logforth-core",
 "static_init",
]

[[package]]
name = "logforth"
version = "0.29.1"
source = "registry+https://github.com/rust-lang/crates.io-index"
checksum = "40c105c59828d07aeb95b06f9a345b12869ddc249d44a7302697a66da439076f"
dependencies = [
 "logforth-append-file",
 "logforth-bridge-log",
 "logforth-core",
 "logforth-layout-json",
 "logforth-layout-text",
]

[[package]]
name = "logforth-append-file"
version = "0.3.0"
source = "registry+https://github.com/rust-lang/crates.io-index"
checksum = "7d2ccb8b7e501c114e80069eb2b83c02a48039c23a7037e717b5b09a4ed306fb"
dependencies = [
 "jiff",
 "logforth-core",
]

[[package]]
name = "logforth-bridge-log"
version = "0.3.0"
source = "registry+https://github.com/rust-lang/crates.io-index"
checksum = "a4aa6ca548389fd166a995b5940e15b0dacbdd5a30f2f24eac9aa4bf664bda5c"
dependencies = [
 "log",
 "logforth-core",
]

[[package]]
name = "logforth-core"
version = "0.3.1"
source = "registry+https://github.com/rust-lang/crates.io-index"
checksum = "a77869b8dba38c67ed19e1753e59d9faefdcc60557bc4e84db0348606a304ac5"
dependencies = [
 "anyhow",
 "value-bag",
]

[[package]]
name = "logforth-layout-json"
version = "0.3.0"
source = "registry+https://github.com/rust-lang/crates.io-index"
checksum = "01b80d310e0670560404a825f64dbd78a8761c5bb7da952513e90ba9dd525bd2"
dependencies = [
 "jiff",
 "logforth-core",
 "serde",
 "serde_json",
]

[[package]]
name = "logforth-layout-text"
version = "0.3.0"
source = "registry+https://github.com/rust-lang/crates.io-index"
checksum = "e2a4674e549a59eeac8e301584143186c433181bdc5460046a130becedef6a3d"
dependencies = [
 "colored",
 "jiff",
 "logforth-core",
]

[[package]]
name = "memchr"
version = "2.7.6"
source = "registry+https://github.com/rust-lang/crates.io-index"
checksum = "f52b00d39961fc5b2736ea853c9cc86238e165017a493d1d5c8eac6bdc4cc273"

[[package]]
name = "once_cell"
version = "1.21.3"
source = "registry+https://github.com/rust-lang/crates.io-index"
checksum = "42f5e15c9953c5e4ccceeb2e7382a716482c34515315f7b03532b8b4e8393d2d"

[[package]]
name = "parking_lot"
version = "0.12.5"
source = "registry+https://github.com/rust-lang/crates.io-index"
checksum = "93857453250e3077bd71ff98b6a65ea6621a19bb0f559a85248955ac12c45a1a"
dependencies = [
 "lock_api",
 "parking_lot_core",
]

[[package]]
name = "parking_lot_core"
version = "0.9.12"
source = "registry+https://github.com/rust-lang/crates.io-index"
checksum = "2621685985a2ebf1c516881c026032ac7deafcda1a2c9b7850dc81e3dfcb64c1"
dependencies = [
 "cfg-if",
 "libc",
 "redox_syscall",
 "smallvec",
 "windows-link",
]

[[package]]
name = "portable-atomic"
version = "1.13.0"
source = "registry+https://github.com/rust-lang/crates.io-index"
checksum = "f89776e4d69bb58bc6993e99ffa1d11f228b839984854c7daeb5d37f87cbe950"

[[package]]
name = "portable-atomic-util"
version = "0.2.4"
source = "registry+https://github.com/rust-lang/crates.io-index"
checksum = "d8a2f0d8d040d7848a709caf78912debcc3f33ee4b3cac47d73d1e1069e83507"
dependencies = [
 "portable-atomic",
]

[[package]]
name = "proc-macro2"
version = "1.0.105"
source = "registry+https://github.com/rust-lang/crates.io-index"
checksum = "535d180e0ecab6268a3e718bb9fd44db66bbbc256257165fc699dadf70d16fe7"
dependencies = [
 "unicode-ident",
]

[[package]]
name = "quote"
version = "1.0.43"
source = "registry+https://github.com/rust-lang/crates.io-index"
checksum = "dc74d9a594b72ae6656596548f56f667211f8a97b3d4c3d467150794690dc40a"
dependencies = [
 "proc-macro2",
]

[[package]]
name = "redox_syscall"
version = "0.5.18"
source = "registry+https://github.com/rust-lang/crates.io-index"
checksum = "ed2bf2547551a7053d6fdfafda3f938979645c44812fbfcda098faae3f1a362d"
dependencies = [
 "bitflags 2.10.0",
]

[[package]]
name = "rustversion"
version = "1.0.22"
source = "registry+https://github.com/rust-lang/crates.io-index"
checksum = "b39cdef0fa800fc44525c84ccb54a029961a8215f9619753635a9c0d2538d46d"

[[package]]
name = "ryu"
version = "1.0.22"
source = "registry+https://github.com/rust-lang/crates.io-index"
checksum = "a50f4cf475b65d88e057964e0e9bb1f0aa9bbb2036dc65c64596b42932536984"

[[package]]
name = "scopeguard"
version = "1.2.0"
source = "registry+https://github.com/rust-lang/crates.io-index"
checksum = "94143f37725109f92c262ed2cf5e59bce7498c01bcc1502d7b9afe439a4e9f49"

[[package]]
name = "serde"
version = "1.0.228"
source = "registry+https://github.com/rust-lang/crates.io-index"
checksum = "9a8e94ea7f378bd32cbbd37198a4a91436180c5bb472411e48b5ec2e2124ae9e"
dependencies = [
 "serde_core",
 "serde_derive",
]

[[package]]
name = "serde_buf"
version = "0.1.2"
source = "registry+https://github.com/rust-lang/crates.io-index"
checksum = "fc948de1bbead18a61be0b33182636603ea0239ca2577b9704fc39eba900e4e5"
dependencies = [
 "serde_core",
]

[[package]]
name = "serde_core"
version = "1.0.228"
source = "registry+https://github.com/rust-lang/crates.io-index"
checksum = "41d385c7d4ca58e59fc732af25c3983b67ac852c1a25000afe1175de458b67ad"
dependencies = [
 "serde_derive",
]

[[package]]
name = "serde_derive"
version = "1.0.228"
source = "registry+https://github.com/rust-lang/crates.io-index"
checksum = "d540f220d3187173da220f885ab66608367b6574e925011a9353e4badda91d79"
dependencies = [
 "proc-macro2",
 "quote",
 "syn 2.0.114",
]

[[package]]
name = "serde_fmt"
version = "1.1.0"
source = "registry+https://github.com/rust-lang/crates.io-index"
checksum = "6e497af288b3b95d067a23a4f749f2861121ffcb2f6d8379310dcda040c345ed"
dependencies = [
 "serde_core",
]

[[package]]
name = "serde_json"
version = "1.0.149"
source = "registry+https://github.com/rust-lang/crates.io-index"
checksum = "83fc039473c5595ace860d8c4fafa220ff474b3fc6bfdb4293327f1a37e94d86"
dependencies = [
 "itoa",
 "memchr",
 "serde",
 "serde_core",
 "zmij",
]

[[package]]
name = "smallvec"
version = "1.15.1"
source = "registry+https://github.com/rust-lang/crates.io-index"
checksum = "67b1b7a3b5fe4f1376887184045fcf45c69e92af734b7aaddc05fb777b6fbd03"

[[package]]
name = "static_init"
version = "1.0.4"
source = "registry+https://github.com/rust-lang/crates.io-index"
checksum = "8bae1df58c5fea7502e8e352ec26b5579f6178e1fdb311e088580c980dee25ed"
dependencies = [
 "bitflags 1.3.2",
 "cfg_aliases 0.2.1",
 "libc",
 "parking_lot",
 "parking_lot_core",
 "static_init_macro",
 "winapi",
]

[[package]]
name = "static_init_macro"
version = "1.0.4"
source = "registry+https://github.com/rust-lang/crates.io-index"
checksum = "1389c88ddd739ec6d3f8f83343764a0e944cd23cfbf126a9796a714b0b6edd6f"
dependencies = [
 "cfg_aliases 0.1.1",
 "memchr",
 "proc-macro2",
 "quote",
 "syn 1.0.109",
]

[[package]]
name = "sval"
version = "2.16.0"
source = "registry+https://github.com/rust-lang/crates.io-index"
checksum = "502b8906c4736190684646827fbab1e954357dfe541013bbd7994d033d53a1ca"

[[package]]
name = "sval_buffer"
version = "2.16.0"
source = "registry+https://github.com/rust-lang/crates.io-index"
checksum = "c4b854348b15b6c441bdd27ce9053569b016a0723eab2d015b1fd8e6abe4f708"
dependencies = [
 "sval",
 "sval_ref",
]

[[package]]
name = "sval_dynamic"
version = "2.16.0"
source = "registry+https://github.com/rust-lang/crates.io-index"
checksum = "a0bd9e8b74410ddad37c6962587c5f9801a2caadba9e11f3f916ee3f31ae4a1f"
dependencies = [
 "sval",
]

[[package]]
name = "sval_fmt"
version = "2.16.0"
source = "registry+https://github.com/rust-lang/crates.io-index"
checksum = "6fe17b8deb33a9441280b4266c2d257e166bafbaea6e66b4b34ca139c91766d9"
dependencies = [
 "itoa",
 "ryu",
 "sval",
]

[[package]]
name = "sval_json"
version = "2.16.0"
source = "registry+https://github.com/rust-lang/crates.io-index"
checksum = "854addb048a5bafb1f496c98e0ab5b9b581c3843f03ca07c034ae110d3b7c623"
dependencies = [
 "itoa",
 "ryu",
 "sval",
]

[[package]]
name = "sval_nested"
version = "2.16.0"
source = "registry+https://github.com/rust-lang/crates.io-index"
checksum = "96cf068f482108ff44ae8013477cb047a1665d5f1a635ad7cf79582c1845dce9"
dependencies = [
 "sval",
 "sval_buffer",
 "sval_ref",
]

[[package]]
name = "sval_ref"
version = "2.16.0"
source = "registry+https://github.com/rust-lang/crates.io-index"
checksum = "ed02126365ffe5ab8faa0abd9be54fbe68d03d607cd623725b0a71541f8aaa6f"
dependencies = [
 "sval",
]

[[package]]
name = "sval_serde"
version = "2.16.0"
source = "registry+https://github.com/rust-lang/crates.io-index"
checksum = "a263383c6aa2076c4ef6011d3bae1b356edf6ea2613e3d8e8ebaa7b57dd707d5"
dependencies = [
 "serde_core",
 "sval",
 "sval_nested",
]

[[package]]
name = "syn"
version = "1.0.109"
source = "registry+https://github.com/rust-lang/crates.io-index"
checksum = "72b64191b275b66ffe2469e8af2c1cfe3bafa67b529ead792a6d0160888b4237"
dependencies = [
 "proc-macro2",
 "quote",
 "unicode-ident",
]

[[package]]
name = "syn"
version = "2.0.114"
source = "registry+https://github.com/rust-lang/crates.io-index"
checksum = "d4d107df263a3013ef9b1879b0df87d706ff80f65a86ea879bd9c31f9b307c2a"
dependencies = [
 "proc-macro2",
 "quote",
 "unicode-ident",
]

[[package]]
name = "typeid"
version = "1.0.3"
source = "registry+https://github.com/rust-lang/crates.io-index"
checksum = "bc7d623258602320d5c55d1bc22793b57daff0ec7efc270ea7d55ce1d5f5471c"

[[package]]
name = "unicode-ident"
version = "1.0.22"
source = "registry+https://github.com/rust-lang/crates.io-index"
checksum = "9312f7c4f6ff9069b165498234ce8be658059c6728633667c526e27dc2cf1df5"

[[package]]
name = "value-bag"
version = "1.12.0"
source = "registry+https://github.com/rust-lang/crates.io-index"
checksum = "7ba6f5989077681266825251a52748b8c1d8a4ad098cc37e440103d0ea717fc0"
dependencies = [
 "value-bag-serde1",
 "value-bag-sval2",
]

[[package]]
name = "value-bag-serde1"
version = "1.12.0"
source = "registry+https://github.com/rust-lang/crates.io-index"
checksum = "16530907bfe2999a1773ca5900a65101e092c70f642f25cc23ca0c43573262c5"
dependencies = [
 "erased-serde",
 "serde_buf",
 "serde_core",
 "serde_fmt",
]

[[package]]
name = "value-bag-sval2"
version = "1.12.0"
source = "registry+https://github.com/rust-lang/crates.io-index"
checksum = "d00ae130edd690eaa877e4f40605d534790d1cf1d651e7685bd6a144521b251f"
dependencies = [
 "sval",
 "sval_buffer",
 "sval_dynamic",
 "sval_fmt",
 "sval_json",
 "sval_ref",
 "sval_serde",
]

[[package]]
name = "wasi"
version = "0.11.1+wasi-snapshot-preview1"
source = "registry+https://github.com/rust-lang/crates.io-index"
checksum = "ccf3ec651a847eb01de73ccad15eb7d99f80485de043efb2f370cd654f4ea44b"

[[package]]
name = "wasix"
version = "0.13.1"
source = "registry+https://github.com/rust-lang/crates.io-index"
checksum = "1757e0d1f8456693c7e5c6c629bdb54884e032aa0bb53c155f6a39f94440d332"
dependencies = [
 "wasi",
]

[[package]]
name = "wasm-bindgen"
version = "0.2.106"
source = "registry+https://github.com/rust-lang/crates.io-index"
checksum = "0d759f433fa64a2d763d1340820e46e111a7a5ab75f993d1852d70b03dbb80fd"
dependencies = [
 "cfg-if",
 "once_cell",
 "rustversion",
 "wasm-bindgen-macro",
 "wasm-bindgen-shared",
]

[[package]]
name = "wasm-bindgen-macro"
version = "0.2.106"
source = "registry+https://github.com/rust-lang/crates.io-index"
checksum = "48cb0d2638f8baedbc542ed444afc0644a29166f1595371af4fecf8ce1e7eeb3"
dependencies = [
 "quote",
 "wasm-bindgen-macro-support",
]

[[package]]
name = "wasm-bindgen-macro-support"
version = "0.2.106"
source = "registry+https://github.com/rust-lang/crates.io-index"
checksum = "cefb59d5cd5f92d9dcf80e4683949f15ca4b511f4ac0a6e14d4e1ac60c6ecd40"
dependencies = [
 "bumpalo",
 "proc-macro2",
 "quote",
 "syn 2.0.114",
 "wasm-bindgen-shared",
]

[[package]]
name = "wasm-bindgen-shared"
version = "0.2.106"
source = "registry+https://github.com/rust-lang/crates.io-index"
checksum = "cbc538057e648b67f72a982e708d485b2efa771e1ac05fec311f9f63e5800db4"
dependencies = [
 "unicode-ident",
]

[[package]]
name = "winapi"
version = "0.3.9"
source = "registry+https://github.com/rust-lang/crates.io-index"
checksum = "5c839a674fcd7a98952e593242ea400abe93992746761e38641405d28b00f419"
dependencies = [
 "winapi-i686-pc-windows-gnu",
 "winapi-x86_64-pc-windows-gnu",
]

[[package]]
name = "winapi-i686-pc-windows-gnu"
version = "0.4.0"
source = "registry+https://github.com/rust-lang/crates.io-index"
checksum = "ac3b87c63620426dd9b991e5ce0329eff545bccbbb34f3be09ff6fb6ab51b7b6"

[[package]]
name = "winapi-x86_64-pc-windows-gnu"
version = "0.4.0"
source = "registry+https://github.com/rust-lang/crates.io-index"
checksum = "712e227841d057c1ee1cd2fb22fa7e5a5461ae8e48fa2ca79ec42cfc1931183f"

[[package]]
name = "windows-link"
version = "0.2.1"
source = "registry+https://github.com/rust-lang/crates.io-index"
checksum = "f0805222e57f7521d6a62e36fa9163bc891acd422f971defe97d64e70d0a4fe5"

[[package]]
name = "windows-sys"
version = "0.59.0"
source = "registry+https://github.com/rust-lang/crates.io-index"
checksum = "1e38bc4d79ed67fd075bcc251a1c39b32a1776bbe92e5bef1f0bf1f8c531853b"
dependencies = [
 "windows-targets",
]

[[package]]
name = "windows-sys"
version = "0.61.2"
source = "registry+https://github.com/rust-lang/crates.io-index"
checksum = "ae137229bcbd6cdf0f7b80a31df61766145077ddf49416a728b02cb3921ff3fc"
dependencies = [
 "windows-link",
]

[[package]]
name = "windows-targets"
version = "0.52.6"
source = "registry+https://github.com/rust-lang/crates.io-index"
checksum = "9b724f72796e036ab90c1021d4780d4d3d648aca59e491e6b98e725b84e99973"
dependencies = [
 "windows_aarch64_gnullvm",
 "windows_aarch64_msvc",
 "windows_i686_gnu",
 "windows_i686_gnullvm",
 "windows_i686_msvc",
 "windows_x86_64_gnu",
 "windows_x86_64_gnullvm",
 "windows_x86_64_msvc",
]

[[package]]
name = "windows_aarch64_gnullvm"
version = "0.52.6"
source = "registry+https://github.com/rust-lang/crates.io-index"
checksum = "32a4622180e7a0ec044bb555404c800bc9fd9ec262ec147edd5989ccd0c02cd3"

[[package]]
name = "windows_aarch64_msvc"
version = "0.52.6"
source = "registry+https://github.com/rust-lang/crates.io-index"
checksum = "09ec2a7bb152e2252b53fa7803150007879548bc709c039df7627cabbd05d469"

[[package]]
name = "windows_i686_gnu"
version = "0.52.6"
source = "registry+https://github.com/rust-lang/crates.io-index"
checksum = "8e9b5ad5ab802e97eb8e295ac6720e509ee4c243f69d781394014ebfe8bbfa0b"

[[package]]
name = "windows_i686_gnullvm"
version = "0.52.6"
source = "registry+https://github.com/rust-lang/crates.io-index"
checksum = "0eee52d38c090b3caa76c563b86c3a4bd71ef1a819287c19d586d7334ae8ed66"

[[package]]
name = "windows_i686_msvc"
version = "0.52.6"
source = "registry+https://github.com/rust-lang/crates.io-index"
checksum = "240948bc05c5e7c6dabba28bf89d89ffce3e303022809e73deaefe4f6ec56c66"

[[package]]
name = "windows_x86_64_gnu"
version = "0.52.6"
source = "registry+https://github.com/rust-lang/crates.io-index"
checksum = "147a5c80aabfbf0c7d901cb5895d1de30ef2907eb21fbbab29ca94c5b08b1a78"

[[package]]
name = "windows_x86_64_gnullvm"
version = "0.52.6"
source = "registry+https://github.com/rust-lang/crates.io-index"
checksum = "24d5b23dc417412679681396f2b49f3de8c1473deb516bd34410872eff51ed0d"

[[package]]
name = "windows_x86_64_msvc"
version = "0.52.6"
source = "registry+https://github.com/rust-lang/crates.io-index"
checksum = "589f6da84c646204747d1270a2a5661ea66ed1cced2631d546fdfb155959f9ec"

[[package]]
name = "zmij"
version = "1.0.12"
source = "registry+https://github.com/rust-lang/crates.io-index"
checksum = "2fc5a66a20078bf1251bde995aa2fdcc4b800c70b5d92dd2c62abc5c60f679f8"
