# This file is automatically @generated by Cargo.
# It is not intended for manual editing.
[[package]]
name = "add-one-boring"
version = "0.1.0"
source = "registry+https://github.com/rust-lang/crates.io-index"
checksum = "feec4f88ec34c5efa7d9d9cd1ddf4bf9a855e6d66af609d85a37e8858e8d837e"

[[package]]
name = "adder-boring-run"
version = "0.1.0"
dependencies = [
 "add-one-boring",
]
