# This file is automatically @generated by Cargo.
# It is not intended for manual editing.
version = 4

[[package]]
name = "abrase"
version = "0.1.0"
source = "registry+https://github.com/rust-lang/crates.io-index"
checksum = "39fcea8bab890179ee2ef57ec39486696bb41789f15d251b6348f0311d0dc270"
dependencies = [
 "polka-rs",
]

[[package]]
name = "abrase-cli"
version = "0.1.0"
dependencies = [
 "abrase",
 "myriad-rs",
 "polka-rs",
]

[[package]]
name = "myriad-rs"
version = "0.1.0"
source = "registry+https://github.com/rust-lang/crates.io-index"
checksum = "5455aa04a072890c6a65d86d2556757e27ba9bc60e6b2f466a32540a55e0490b"
dependencies = [
 "polka-rs",
]

[[package]]
name = "polka-rs"
version = "0.1.0"
source = "registry+https://github.com/rust-lang/crates.io-index"
checksum = "77ea6289015880471b6e16729d657781dd942ee71d4e8e696103e3a05a410b57"
