# This file is automatically @generated by Cargo.
# It is not intended for manual editing.
version = 3

[[package]]
name = "addended_ordered_map"
version = "0.1.0"
dependencies = [
 "polonius-the-crab",
]

[[package]]
name = "polonius-the-crab"
version = "0.3.1"
source = "registry+https://github.com/rust-lang/crates.io-index"
checksum = "b0119ad75060c93b2017796396280ab9c1870738bf3b66a8cb20deb3c9075426"
