# This file is automatically @generated by Cargo.
# It is not intended for manual editing.
version = 4

[[package]]
name = "abrase"
version = "0.2.0"
dependencies = [
 "polka-rs",
]

[[package]]
name = "polka-rs"
version = "0.2.0"
source = "registry+https://github.com/rust-lang/crates.io-index"
checksum = "07e913297abfdf5a98336a7119e1697f26cfa07449088a16378ebf4d1d4cb150"
