# This file is automatically @generated by Cargo.
# It is not intended for manual editing.
version = 3

[[package]]
name = "accessory"
version = "2.1.1"
dependencies = [
 "macroific",
 "proc-macro2",
 "quote",
 "syn",
]

[[package]]
name = "macroific"
version = "3.0.1"
source = "registry+https://github.com/rust-lang/crates.io-index"
checksum = "c437abb3bf40939b00d1dff858ed2050d948bc230dee39546ed16795fcf10ec2"
dependencies = [
 "macroific_attr_parse",
 "macroific_core",
 "macroific_macro",
]

[[package]]
name = "macroific_attr_parse"
version = "3.0.1"
source = "registry+https://github.com/rust-lang/crates.io-index"
checksum = "aeb7a82ec1aa16094da719be18615d79cb2574b037358e4e6c6d96eedcff3a93"
dependencies = [
 "proc-macro2",
 "quote",
 "sealed",
 "syn",
]

[[package]]
name = "macroific_core"
version = "3.0.1"
source = "registry+https://github.com/rust-lang/crates.io-index"
checksum = "26c8e789484d2fa216eee9d5e0565ba80ccda389bcf0e111143a7b8f4792336e"
dependencies = [
 "proc-macro2",
 "quote",
 "sealed",
 "syn",
]

[[package]]
name = "macroific_macro"
version = "3.0.1"
source = "registry+https://github.com/rust-lang/crates.io-index"
checksum = "e30d63cb102648965753f0d47a6ab171b1cbb1fb5c363f4784ea986782fc7b77"
dependencies = [
 "macroific_attr_parse",
 "macroific_core",
 "proc-macro2",
 "quote",
 "syn",
]

[[package]]
name = "proc-macro2"
version = "1.0.107"
source = "registry+https://github.com/rust-lang/crates.io-index"
checksum = "985e7ec9bb745e6ce6535b544d84d6cd6f7ad8bd711c398938ae983b91a766d9"
dependencies = [
 "unicode-ident",
]

[[package]]
name = "quote"
version = "1.0.47"
source = "registry+https://github.com/rust-lang/crates.io-index"
checksum = "1fbf4db142a473a8d80c26bbf18454ed458bf8d26c8219c331daecfdbd079001"
dependencies = [
 "proc-macro2",
]

[[package]]
name = "sealed"
version = "0.7.0"
source = "registry+https://github.com/rust-lang/crates.io-index"
checksum = "9b68e2ea526d9fb32f23ca8894fb5da9e743f34c2f41701f0501dc8a25c4b343"
dependencies = [
 "proc-macro2",
 "quote",
 "syn",
]

[[package]]
name = "syn"
version = "3.0.3"
source = "registry+https://github.com/rust-lang/crates.io-index"
checksum = "53e9bae58849f64dfa4f5d5ae372c8341f7305f82a3868709269343628b659a3"
dependencies = [
 "proc-macro2",
 "quote",
 "unicode-ident",
]

[[package]]
name = "unicode-ident"
version = "1.0.24"
source = "registry+https://github.com/rust-lang/crates.io-index"
checksum = "e6e4313cd5fcd3dad5cafa179702e2b244f760991f45397d14d4ebf38247da75"
